
Microsoft Visual Studio Solution File, Format Version 12.00
# Visual Studio Version 17
VisualStudioVersion = 17.0.31912.275
MinimumVisualStudioVersion = 10.0.40219.1
Project("{9A19103F-16F7-4668-BE54-9A1E7A4F7556}") = "CRunner", "CRunner\CRunner.csproj", "{5EDBDCED-9DD4-456A-8FEC-67D52BE435DF}"
EndProject
Global
	GlobalSection(SolutionConfigurationPlatforms) = preSolution
		Debug|Any CPU = Debug|Any CPU
		Release|Any CPU = Release|Any CPU
	EndGlobalSection
	GlobalSection(ProjectConfigurationPlatforms) = postSolution
		{5EDBDCED-9DD4-456A-8FEC-67D52BE435DF}.Debug|Any CPU.ActiveCfg = Debug|Any CPU
		{5EDBDCED-9DD4-456A-8FEC-67D52BE435DF}.Debug|Any CPU.Build.0 = Debug|Any CPU
		{5EDBDCED-9DD4-456A-8FEC-67D52BE435DF}.Release|Any CPU.ActiveCfg = Release|Any CPU
		{5EDBDCED-9DD4-456A-8FEC-67D52BE435DF}.Release|Any CPU.Build.0 = Release|Any CPU
	EndGlobalSection
	GlobalSection(SolutionProperties) = preSolution
		HideSolutionNode = FALSE
	EndGlobalSection
	GlobalSection(ExtensibilityGlobals) = postSolution
		SolutionGuid = {F74EC523-5AA2-4F24-A79F-2F8DF9387D0A}
	EndGlobalSection
EndGlobal
